// !$*UTF8*$!
{
	archiveVersion = 1;
	classes = {
	};
	objectVersion = 52;
	objects = {

/* Begin PBXBuildFile section */
		DF84077A268FA99C00B6F484 /* AppDelegate.swift in Sources */ = {isa = PBXBuildFile; fileRef = DF840779268FA99C00B6F484 /* AppDelegate.swift */; };
		DF84077C268FA99C00B6F484 /* SceneDelegate.swift in Sources */ = {isa = PBXBuildFile; fileRef = DF84077B268FA99C00B6F484 /* SceneDelegate.swift */; };
		DF84077E268FA99C00B6F484 /* ViewController.swift in Sources */ = {isa = PBXBuildFile; fileRef = DF84077D268FA99C00B6F484 /* ViewController.swift */; };
		DF840781268FA99C00B6F484 /* Main.storyboard in Resources */ = {isa = PBXBuildFile; fileRef = DF84077F268FA99C00B6F484 /* Main.storyboard */; };
		DF840783268FA99F00B6F484 /* Assets.xcassets in Resources */ = {isa = PBXBuildFile; fileRef = DF840782268FA99F00B6F484 /* Assets.xcassets */; };
		DF840786268FA99F00B6F484 /* LaunchScreen.storyboard in Resources */ = {isa = PBXBuildFile; fileRef = DF840784268FA99F00B6F484 /* LaunchScreen.storyboard */; };
		DF840791268FA9A100B6F484 /* ShowCitiesTests.swift in Sources */ = {isa = PBXBuildFile; fileRef = DF840790268FA9A100B6F484 /* ShowCitiesTests.swift */; };
		DF84079C268FA9A100B6F484 /* ShowCitiesUITests.swift in Sources */ = {isa = PBXBuildFile; fileRef = DF84079B268FA9A100B6F484 /* ShowCitiesUITests.swift */; };
		DF8407AD26903F3F00B6F484 /* ViewModelBindable.swift in Sources */ = {isa = PBXBuildFile; fileRef = DF8407AC26903F3F00B6F484 /* ViewModelBindable.swift */; };
		DF8407B226903FF100B6F484 /* CoordinatorProtocol.swift in Sources */ = {isa = PBXBuildFile; fileRef = DF8407B126903FF100B6F484 /* CoordinatorProtocol.swift */; };
		DF8407BB2690411200B6F484 /* ObservedViewController.swift in Sources */ = {isa = PBXBuildFile; fileRef = DF8407BA2690411200B6F484 /* ObservedViewController.swift */; };
		DF8407C0269041A000B6F484 /* AppCoordinator.swift in Sources */ = {isa = PBXBuildFile; fileRef = DF8407BF269041A000B6F484 /* AppCoordinator.swift */; };
		DF8407C526904C2100B6F484 /* CountriesCoordinator.swift in Sources */ = {isa = PBXBuildFile; fileRef = DF8407C426904C2100B6F484 /* CountriesCoordinator.swift */; };
		DF8407CA26904C3000B6F484 /* CountriesViewModelType.swift in Sources */ = {isa = PBXBuildFile; fileRef = DF8407C926904C3000B6F484 /* CountriesViewModelType.swift */; };
		DF8407CF26904C7300B6F484 /* CountriesViewModel.swift in Sources */ = {isa = PBXBuildFile; fileRef = DF8407CE26904C7300B6F484 /* CountriesViewModel.swift */; };
		DF8407D426904C7E00B6F484 /* CountriesViewController.swift in Sources */ = {isa = PBXBuildFile; fileRef = DF8407D326904C7E00B6F484 /* CountriesViewController.swift */; };
		DF8407D926904C9200B6F484 /* CountriesView.swift in Sources */ = {isa = PBXBuildFile; fileRef = DF8407D826904C9200B6F484 /* CountriesView.swift */; };
		DF8407FE269300FD00B6F484 /* CountryEntity.swift in Sources */ = {isa = PBXBuildFile; fileRef = DF8407FD269300FD00B6F484 /* CountryEntity.swift */; };
		DF8408072693054C00B6F484 /* CountryDetailsCoordinator.swift in Sources */ = {isa = PBXBuildFile; fileRef = DF8408062693054C00B6F484 /* CountryDetailsCoordinator.swift */; };
		DF84080C2693056D00B6F484 /* CountryDetailsViewModelType.swift in Sources */ = {isa = PBXBuildFile; fileRef = DF84080B2693056D00B6F484 /* CountryDetailsViewModelType.swift */; };
		DF8408112693057D00B6F484 /* CountryDetailsViewModel.swift in Sources */ = {isa = PBXBuildFile; fileRef = DF8408102693057D00B6F484 /* CountryDetailsViewModel.swift */; };
		DF8408162693059900B6F484 /* CountryDetailsViewController.swift in Sources */ = {isa = PBXBuildFile; fileRef = DF8408152693059900B6F484 /* CountryDetailsViewController.swift */; };
		DF84081B269305B300B6F484 /* CountryDetailsView.swift in Sources */ = {isa = PBXBuildFile; fileRef = DF84081A269305B300B6F484 /* CountryDetailsView.swift */; };
		DF84082D269333E100B6F484 /* SnapKit in Frameworks */ = {isa = PBXBuildFile; productRef = DF84082C269333E100B6F484 /* SnapKit */; };
/* End PBXBuildFile section */

/* Begin PBXContainerItemProxy section */
		DF84078D268FA9A100B6F484 /* PBXContainerItemProxy */ = {
			isa = PBXContainerItemProxy;
			containerPortal = DF84076E268FA99B00B6F484 /* Project object */;
			proxyType = 1;
			remoteGlobalIDString = DF840775268FA99C00B6F484;
			remoteInfo = ShowCities;
		};
		DF840798268FA9A100B6F484 /* PBXContainerItemProxy */ = {
			isa = PBXContainerItemProxy;
			containerPortal = DF84076E268FA99B00B6F484 /* Project object */;
			proxyType = 1;
			remoteGlobalIDString = DF840775268FA99C00B6F484;
			remoteInfo = ShowCities;
		};
/* End PBXContainerItemProxy section */

/* Begin PBXFileReference section */
		DF840776268FA99C00B6F484 /* ShowCities.app */ = {isa = PBXFileReference; explicitFileType = wrapper.application; includeInIndex = 0; path = ShowCities.app; sourceTree = BUILT_PRODUCTS_DIR; };
		DF840779268FA99C00B6F484 /* AppDelegate.swift */ = {isa = PBXFileReference; lastKnownFileType = sourcecode.swift; path = AppDelegate.swift; sourceTree = "<group>"; };
		DF84077B268FA99C00B6F484 /* SceneDelegate.swift */ = {isa = PBXFileReference; lastKnownFileType = sourcecode.swift; path = SceneDelegate.swift; sourceTree = "<group>"; };
		DF84077D268FA99C00B6F484 /* ViewController.swift */ = {isa = PBXFileReference; lastKnownFileType = sourcecode.swift; path = ViewController.swift; sourceTree = "<group>"; };
		DF840780268FA99C00B6F484 /* Base */ = {isa = PBXFileReference; lastKnownFileType = file.storyboard; name = Base; path = Base.lproj/Main.storyboard; sourceTree = "<group>"; };
		DF840782268FA99F00B6F484 /* Assets.xcassets */ = {isa = PBXFileReference; lastKnownFileType = folder.assetcatalog; path = Assets.xcassets; sourceTree = "<group>"; };
		DF840785268FA99F00B6F484 /* Base */ = {isa = PBXFileReference; lastKnownFileType = file.storyboard; name = Base; path = Base.lproj/LaunchScreen.storyboard; sourceTree = "<group>"; };
		DF840787268FA99F00B6F484 /* Info.plist */ = {isa = PBXFileReference; lastKnownFileType = text.plist.xml; path = Info.plist; sourceTree = "<group>"; };
		DF84078C268FA9A100B6F484 /* ShowCitiesTests.xctest */ = {isa = PBXFileReference; explicitFileType = wrapper.cfbundle; includeInIndex = 0; path = ShowCitiesTests.xctest; sourceTree = BUILT_PRODUCTS_DIR; };
		DF840790268FA9A100B6F484 /* ShowCitiesTests.swift */ = {isa = PBXFileReference; lastKnownFileType = sourcecode.swift; path = ShowCitiesTests.swift; sourceTree = "<group>"; };
		DF840792268FA9A100B6F484 /* Info.plist */ = {isa = PBXFileReference; lastKnownFileType = text.plist.xml; path = Info.plist; sourceTree = "<group>"; };
		DF840797268FA9A100B6F484 /* ShowCitiesUITests.xctest */ = {isa = PBXFileReference; explicitFileType = wrapper.cfbundle; includeInIndex = 0; path = ShowCitiesUITests.xctest; sourceTree = BUILT_PRODUCTS_DIR; };
		DF84079B268FA9A100B6F484 /* ShowCitiesUITests.swift */ = {isa = PBXFileReference; lastKnownFileType = sourcecode.swift; path = ShowCitiesUITests.swift; sourceTree = "<group>"; };
		DF84079D268FA9A100B6F484 /* Info.plist */ = {isa = PBXFileReference; lastKnownFileType = text.plist.xml; path = Info.plist; sourceTree = "<group>"; };
		DF8407AC26903F3F00B6F484 /* ViewModelBindable.swift */ = {isa = PBXFileReference; lastKnownFileType = sourcecode.swift; path = ViewModelBindable.swift; sourceTree = "<group>"; };
		DF8407B126903FF100B6F484 /* CoordinatorProtocol.swift */ = {isa = PBXFileReference; lastKnownFileType = sourcecode.swift; path = CoordinatorProtocol.swift; sourceTree = "<group>"; };
		DF8407BA2690411200B6F484 /* ObservedViewController.swift */ = {isa = PBXFileReference; lastKnownFileType = sourcecode.swift; path = ObservedViewController.swift; sourceTree = "<group>"; };
		DF8407BF269041A000B6F484 /* AppCoordinator.swift */ = {isa = PBXFileReference; lastKnownFileType = sourcecode.swift; path = AppCoordinator.swift; sourceTree = "<group>"; };
		DF8407C426904C2100B6F484 /* CountriesCoordinator.swift */ = {isa = PBXFileReference; lastKnownFileType = sourcecode.swift; path = CountriesCoordinator.swift; sourceTree = "<group>"; };
		DF8407C926904C3000B6F484 /* CountriesViewModelType.swift */ = {isa = PBXFileReference; lastKnownFileType = sourcecode.swift; path = CountriesViewModelType.swift; sourceTree = "<group>"; };
		DF8407CE26904C7300B6F484 /* CountriesViewModel.swift */ = {isa = PBXFileReference; lastKnownFileType = sourcecode.swift; path = CountriesViewModel.swift; sourceTree = "<group>"; };
		DF8407D326904C7E00B6F484 /* CountriesViewController.swift */ = {isa = PBXFileReference; lastKnownFileType = sourcecode.swift; path = CountriesViewController.swift; sourceTree = "<group>"; };
		DF8407D826904C9200B6F484 /* CountriesView.swift */ = {isa = PBXFileReference; lastKnownFileType = sourcecode.swift; path = CountriesView.swift; sourceTree = "<group>"; };
		DF8407FD269300FD00B6F484 /* CountryEntity.swift */ = {isa = PBXFileReference; lastKnownFileType = sourcecode.swift; path = CountryEntity.swift; sourceTree = "<group>"; };
		DF8408062693054C00B6F484 /* CountryDetailsCoordinator.swift */ = {isa = PBXFileReference; lastKnownFileType = sourcecode.swift; path = CountryDetailsCoordinator.swift; sourceTree = "<group>"; };
		DF84080B2693056D00B6F484 /* CountryDetailsViewModelType.swift */ = {isa = PBXFileReference; lastKnownFileType = sourcecode.swift; path = CountryDetailsViewModelType.swift; sourceTree = "<group>"; };
		DF8408102693057D00B6F484 /* CountryDetailsViewModel.swift */ = {isa = PBXFileReference; lastKnownFileType = sourcecode.swift; path = CountryDetailsViewModel.swift; sourceTree = "<group>"; };
		DF8408152693059900B6F484 /* CountryDetailsViewController.swift */ = {isa = PBXFileReference; lastKnownFileType = sourcecode.swift; path = CountryDetailsViewController.swift; sourceTree = "<group>"; };
		DF84081A269305B300B6F484 /* CountryDetailsView.swift */ = {isa = PBXFileReference; lastKnownFileType = sourcecode.swift; path = CountryDetailsView.swift; sourceTree = "<group>"; };
/* End PBXFileReference section */

/* Begin PBXFrameworksBuildPhase section */
		DF840773268FA99C00B6F484 /* Frameworks */ = {
			isa = PBXFrameworksBuildPhase;
			buildActionMask = 2147483647;
			files = (
				DF84082D269333E100B6F484 /* SnapKit in Frameworks */,
			);
			runOnlyForDeploymentPostprocessing = 0;
		};
		DF840789268FA9A100B6F484 /* Frameworks */ = {
			isa = PBXFrameworksBuildPhase;
			buildActionMask = 2147483647;
			files = (
			);
			runOnlyForDeploymentPostprocessing = 0;
		};
		DF840794268FA9A100B6F484 /* Frameworks */ = {
			isa = PBXFrameworksBuildPhase;
			buildActionMask = 2147483647;
			files = (
			);
			runOnlyForDeploymentPostprocessing = 0;
		};
/* End PBXFrameworksBuildPhase section */

/* Begin PBXGroup section */
		DF84076D268FA99B00B6F484 = {
			isa = PBXGroup;
			children = (
				DF840778268FA99C00B6F484 /* ShowCities */,
				DF84078F268FA9A100B6F484 /* ShowCitiesTests */,
				DF84079A268FA9A100B6F484 /* ShowCitiesUITests */,
				DF840777268FA99C00B6F484 /* Products */,
			);
			sourceTree = "<group>";
		};
		DF840777268FA99C00B6F484 /* Products */ = {
			isa = PBXGroup;
			children = (
				DF840776268FA99C00B6F484 /* ShowCities.app */,
				DF84078C268FA9A100B6F484 /* ShowCitiesTests.xctest */,
				DF840797268FA9A100B6F484 /* ShowCitiesUITests.xctest */,
			);
			name = Products;
			sourceTree = "<group>";
		};
		DF840778268FA99C00B6F484 /* ShowCities */ = {
			isa = PBXGroup;
			children = (
				DF8407E626904D3F00B6F484 /* Application */,
				DF8407EA26904D5800B6F484 /* Common */,
				DF8408022693010400B6F484 /* Entities */,
				DF8407E126904CC700B6F484 /* Modules */,
				DF8407B62690400000B6F484 /* Protocols */,
				DF8407E526904D2B00B6F484 /* Support files */,
			);
			path = ShowCities;
			sourceTree = "<group>";
		};
		DF84078F268FA9A100B6F484 /* ShowCitiesTests */ = {
			isa = PBXGroup;
			children = (
				DF840790268FA9A100B6F484 /* ShowCitiesTests.swift */,
				DF840792268FA9A100B6F484 /* Info.plist */,
			);
			path = ShowCitiesTests;
			sourceTree = "<group>";
		};
		DF84079A268FA9A100B6F484 /* ShowCitiesUITests */ = {
			isa = PBXGroup;
			children = (
				DF84079B268FA9A100B6F484 /* ShowCitiesUITests.swift */,
				DF84079D268FA9A100B6F484 /* Info.plist */,
			);
			path = ShowCitiesUITests;
			sourceTree = "<group>";
		};
		DF8407B62690400000B6F484 /* Protocols */ = {
			isa = PBXGroup;
			children = (
				DF8407AC26903F3F00B6F484 /* ViewModelBindable.swift */,
				DF8407B126903FF100B6F484 /* CoordinatorProtocol.swift */,
			);
			path = Protocols;
			sourceTree = "<group>";
		};
		DF8407DD26904CA800B6F484 /* Countries */ = {
			isa = PBXGroup;
			children = (
				DF8407C426904C2100B6F484 /* CountriesCoordinator.swift */,
				DF8407C926904C3000B6F484 /* CountriesViewModelType.swift */,
				DF8407CE26904C7300B6F484 /* CountriesViewModel.swift */,
				DF8407D326904C7E00B6F484 /* CountriesViewController.swift */,
				DF8407D826904C9200B6F484 /* CountriesView.swift */,
			);
			path = Countries;
			sourceTree = "<group>";
		};
		DF8407E126904CC700B6F484 /* Modules */ = {
			isa = PBXGroup;
			children = (
				DF8407DD26904CA800B6F484 /* Countries */,
				DF84081F269305BA00B6F484 /* CountryDetails */,
			);
			path = Modules;
			sourceTree = "<group>";
		};
		DF8407E526904D2B00B6F484 /* Support files */ = {
			isa = PBXGroup;
			children = (
				DF840787268FA99F00B6F484 /* Info.plist */,
				DF84077F268FA99C00B6F484 /* Main.storyboard */,
				DF840782268FA99F00B6F484 /* Assets.xcassets */,
				DF840784268FA99F00B6F484 /* LaunchScreen.storyboard */,
			);
			path = "Support files";
			sourceTree = "<group>";
		};
		DF8407E626904D3F00B6F484 /* Application */ = {
			isa = PBXGroup;
			children = (
				DF840779268FA99C00B6F484 /* AppDelegate.swift */,
				DF84077B268FA99C00B6F484 /* SceneDelegate.swift */,
			);
			path = Application;
			sourceTree = "<group>";
		};
		DF8407EA26904D5800B6F484 /* Common */ = {
			isa = PBXGroup;
			children = (
				DF84077D268FA99C00B6F484 /* ViewController.swift */,
				DF8407BA2690411200B6F484 /* ObservedViewController.swift */,
				DF8407BF269041A000B6F484 /* AppCoordinator.swift */,
			);
			path = Common;
			sourceTree = "<group>";
		};
		DF8408022693010400B6F484 /* Entities */ = {
			isa = PBXGroup;
			children = (
				DF8407FD269300FD00B6F484 /* CountryEntity.swift */,
			);
			path = Entities;
			sourceTree = "<group>";
		};
		DF84081F269305BA00B6F484 /* CountryDetails */ = {
			isa = PBXGroup;
			children = (
				DF8408062693054C00B6F484 /* CountryDetailsCoordinator.swift */,
				DF84080B2693056D00B6F484 /* CountryDetailsViewModelType.swift */,
				DF8408102693057D00B6F484 /* CountryDetailsViewModel.swift */,
				DF8408152693059900B6F484 /* CountryDetailsViewController.swift */,
				DF84081A269305B300B6F484 /* CountryDetailsView.swift */,
			);
			path = CountryDetails;
			sourceTree = "<group>";
		};
/* End PBXGroup section */

/* Begin PBXNativeTarget section */
		DF840775268FA99C00B6F484 /* ShowCities */ = {
			isa = PBXNativeTarget;
			buildConfigurationList = DF8407A0268FA9A100B6F484 /* Build configuration list for PBXNativeTarget "ShowCities" */;
			buildPhases = (
				DF840772268FA99C00B6F484 /* Sources */,
				DF840773268FA99C00B6F484 /* Frameworks */,
				DF840774268FA99C00B6F484 /* Resources */,
			);
			buildRules = (
			);
			dependencies = (
			);
			name = ShowCities;
			packageProductDependencies = (
				DF84082C269333E100B6F484 /* SnapKit */,
			);
			productName = ShowCities;
			productReference = DF840776268FA99C00B6F484 /* ShowCities.app */;
			productType = "com.apple.product-type.application";
		};
		DF84078B268FA9A100B6F484 /* ShowCitiesTests */ = {
			isa = PBXNativeTarget;
			buildConfigurationList = DF8407A3268FA9A100B6F484 /* Build configuration list for PBXNativeTarget "ShowCitiesTests" */;
			buildPhases = (
				DF840788268FA9A100B6F484 /* Sources */,
				DF840789268FA9A100B6F484 /* Frameworks */,
				DF84078A268FA9A100B6F484 /* Resources */,
			);
			buildRules = (
			);
			dependencies = (
				DF84078E268FA9A100B6F484 /* PBXTargetDependency */,
			);
			name = ShowCitiesTests;
			productName = ShowCitiesTests;
			productReference = DF84078C268FA9A100B6F484 /* ShowCitiesTests.xctest */;
			productType = "com.apple.product-type.bundle.unit-test";
		};
		DF840796268FA9A100B6F484 /* ShowCitiesUITests */ = {
			isa = PBXNativeTarget;
			buildConfigurationList = DF8407A6268FA9A100B6F484 /* Build configuration list for PBXNativeTarget "ShowCitiesUITests" */;
			buildPhases = (
				DF840793268FA9A100B6F484 /* Sources */,
				DF840794268FA9A100B6F484 /* Frameworks */,
				DF840795268FA9A100B6F484 /* Resources */,
			);
			buildRules = (
			);
			dependencies = (
				DF840799268FA9A100B6F484 /* PBXTargetDependency */,
			);
			name = ShowCitiesUITests;
			productName = ShowCitiesUITests;
			productReference = DF840797268FA9A100B6F484 /* ShowCitiesUITests.xctest */;
			productType = "com.apple.product-type.bundle.ui-testing";
		};
/* End PBXNativeTarget section */

/* Begin PBXProject section */
		DF84076E268FA99B00B6F484 /* Project object */ = {
			isa = PBXProject;
			attributes = {
				LastSwiftUpdateCheck = 1240;
				LastUpgradeCheck = 1240;
				TargetAttributes = {
					DF840775268FA99C00B6F484 = {
						CreatedOnToolsVersion = 12.4;
					};
					DF84078B268FA9A100B6F484 = {
						CreatedOnToolsVersion = 12.4;
						TestTargetID = DF840775268FA99C00B6F484;
					};
					DF840796268FA9A100B6F484 = {
						CreatedOnToolsVersion = 12.4;
						TestTargetID = DF840775268FA99C00B6F484;
					};
				};
			};
			buildConfigurationList = DF840771268FA99B00B6F484 /* Build configuration list for PBXProject "ShowCities" */;
			compatibilityVersion = "Xcode 9.3";
			developmentRegion = en;
			hasScannedForEncodings = 0;
			knownRegions = (
				en,
				Base,
			);
			mainGroup = DF84076D268FA99B00B6F484;
			packageReferences = (
				DF84082B269333E100B6F484 /* XCRemoteSwiftPackageReference "SnapKit" */,
			);
			productRefGroup = DF840777268FA99C00B6F484 /* Products */;
			projectDirPath = "";
			projectRoot = "";
			targets = (
				DF840775268FA99C00B6F484 /* ShowCities */,
				DF84078B268FA9A100B6F484 /* ShowCitiesTests */,
				DF840796268FA9A100B6F484 /* ShowCitiesUITests */,
			);
		};
/* End PBXProject section */

/* Begin PBXResourcesBuildPhase section */
		DF840774268FA99C00B6F484 /* Resources */ = {
			isa = PBXResourcesBuildPhase;
			buildActionMask = 2147483647;
			files = (
				DF840786268FA99F00B6F484 /* LaunchScreen.storyboard in Resources */,
				DF840783268FA99F00B6F484 /* Assets.xcassets in Resources */,
				DF840781268FA99C00B6F484 /* Main.storyboard in Resources */,
			);
			runOnlyForDeploymentPostprocessing = 0;
		};
		DF84078A268FA9A100B6F484 /* Resources */ = {
			isa = PBXResourcesBuildPhase;
			buildActionMask = 2147483647;
			files = (
			);
			runOnlyForDeploymentPostprocessing = 0;
		};
		DF840795268FA9A100B6F484 /* Resources */ = {
			isa = PBXResourcesBuildPhase;
			buildActionMask = 2147483647;
			files = (
			);
			runOnlyForDeploymentPostprocessing = 0;
		};
/* End PBXResourcesBuildPhase section */

/* Begin PBXSourcesBuildPhase section */
		DF840772268FA99C00B6F484 /* Sources */ = {
			isa = PBXSourcesBuildPhase;
			buildActionMask = 2147483647;
			files = (
				DF84081B269305B300B6F484 /* CountryDetailsView.swift in Sources */,
				DF8407FE269300FD00B6F484 /* CountryEntity.swift in Sources */,
				DF8407BB2690411200B6F484 /* ObservedViewController.swift in Sources */,
				DF84077E268FA99C00B6F484 /* ViewController.swift in Sources */,
				DF84077A268FA99C00B6F484 /* AppDelegate.swift in Sources */,
				DF8407CF26904C7300B6F484 /* CountriesViewModel.swift in Sources */,
				DF8407B226903FF100B6F484 /* CoordinatorProtocol.swift in Sources */,
				DF8408072693054C00B6F484 /* CountryDetailsCoordinator.swift in Sources */,
				DF8408162693059900B6F484 /* CountryDetailsViewController.swift in Sources */,
				DF8407D926904C9200B6F484 /* CountriesView.swift in Sources */,
				DF8407D426904C7E00B6F484 /* CountriesViewController.swift in Sources */,
				DF84077C268FA99C00B6F484 /* SceneDelegate.swift in Sources */,
				DF8407C526904C2100B6F484 /* CountriesCoordinator.swift in Sources */,
				DF8407AD26903F3F00B6F484 /* ViewModelBindable.swift in Sources */,
				DF8407CA26904C3000B6F484 /* CountriesViewModelType.swift in Sources */,
				DF84080C2693056D00B6F484 /* CountryDetailsViewModelType.swift in Sources */,
				DF8408112693057D00B6F484 /* CountryDetailsViewModel.swift in Sources */,
				DF8407C0269041A000B6F484 /* AppCoordinator.swift in Sources */,
			);
			runOnlyForDeploymentPostprocessing = 0;
		};
		DF840788268FA9A100B6F484 /* Sources */ = {
			isa = PBXSourcesBuildPhase;
			buildActionMask = 2147483647;
			files = (
				DF840791268FA9A100B6F484 /* ShowCitiesTests.swift in Sources */,
			);
			runOnlyForDeploymentPostprocessing = 0;
		};
		DF840793268FA9A100B6F484 /* Sources */ = {
			isa = PBXSourcesBuildPhase;
			buildActionMask = 2147483647;
			files = (
				DF84079C268FA9A100B6F484 /* ShowCitiesUITests.swift in Sources */,
			);
			runOnlyForDeploymentPostprocessing = 0;
		};
/* End PBXSourcesBuildPhase section */

/* Begin PBXTargetDependency section */
		DF84078E268FA9A100B6F484 /* PBXTargetDependency */ = {
			isa = PBXTargetDependency;
			target = DF840775268FA99C00B6F484 /* ShowCities */;
			targetProxy = DF84078D268FA9A100B6F484 /* PBXContainerItemProxy */;
		};
		DF840799268FA9A100B6F484 /* PBXTargetDependency */ = {
			isa = PBXTargetDependency;
			target = DF840775268FA99C00B6F484 /* ShowCities */;
			targetProxy = DF840798268FA9A100B6F484 /* PBXContainerItemProxy */;
		};
/* End PBXTargetDependency section */

/* Begin PBXVariantGroup section */
		DF84077F268FA99C00B6F484 /* Main.storyboard */ = {
			isa = PBXVariantGroup;
			children = (
				DF840780268FA99C00B6F484 /* Base */,
			);
			name = Main.storyboard;
			sourceTree = "<group>";
		};
		DF840784268FA99F00B6F484 /* LaunchScreen.storyboard */ = {
			isa = PBXVariantGroup;
			children = (
				DF840785268FA99F00B6F484 /* Base */,
			);
			name = LaunchScreen.storyboard;
			sourceTree = "<group>";
		};
/* End PBXVariantGroup section */

/* Begin XCBuildConfiguration section */
		DF84079E268FA9A100B6F484 /* Debug */ = {
			isa = XCBuildConfiguration;
			buildSettings = {
				ALWAYS_SEARCH_USER_PATHS = NO;
				CLANG_ANALYZER_NONNULL = YES;
				CLANG_ANALYZER_NUMBER_OBJECT_CONVERSION = YES_AGGRESSIVE;
				CLANG_CXX_LANGUAGE_STANDARD = "gnu++14";
				CLANG_CXX_LIBRARY = "libc++";
				CLANG_ENABLE_MODULES = YES;
				CLANG_ENABLE_OBJC_ARC = YES;
				CLANG_ENABLE_OBJC_WEAK = YES;
				CLANG_WARN_BLOCK_CAPTURE_AUTORELEASING = YES;
				CLANG_WARN_BOOL_CONVERSION = YES;
				CLANG_WARN_COMMA = YES;
				CLANG_WARN_CONSTANT_CONVERSION = YES;
				CLANG_WARN_DEPRECATED_OBJC_IMPLEMENTATIONS = YES;
				CLANG_WARN_DIRECT_OBJC_ISA_USAGE = YES_ERROR;
				CLANG_WARN_DOCUMENTATION_COMMENTS = YES;
				CLANG_WARN_EMPTY_BODY = YES;
				CLANG_WARN_ENUM_CONVERSION = YES;
				CLANG_WARN_INFINITE_RECURSION = YES;
				CLANG_WARN_INT_CONVERSION = YES;
				CLANG_WARN_NON_LITERAL_NULL_CONVERSION = YES;
				CLANG_WARN_OBJC_IMPLICIT_RETAIN_SELF = YES;
				CLANG_WARN_OBJC_LITERAL_CONVERSION = YES;
				CLANG_WARN_OBJC_ROOT_CLASS = YES_ERROR;
				CLANG_WARN_QUOTED_INCLUDE_IN_FRAMEWORK_HEADER = YES;
				CLANG_WARN_RANGE_LOOP_ANALYSIS = YES;
				CLANG_WARN_STRICT_PROTOTYPES = YES;
				CLANG_WARN_SUSPICIOUS_MOVE = YES;
				CLANG_WARN_UNGUARDED_AVAILABILITY = YES_AGGRESSIVE;
				CLANG_WARN_UNREACHABLE_CODE = YES;
				CLANG_WARN__DUPLICATE_METHOD_MATCH = YES;
				COPY_PHASE_STRIP = NO;
				DEBUG_INFORMATION_FORMAT = dwarf;
				ENABLE_STRICT_OBJC_MSGSEND = YES;
				ENABLE_TESTABILITY = YES;
				GCC_C_LANGUAGE_STANDARD = gnu11;
				GCC_DYNAMIC_NO_PIC = NO;
				GCC_NO_COMMON_BLOCKS = YES;
				GCC_OPTIMIZATION_LEVEL = 0;
				GCC_PREPROCESSOR_DEFINITIONS = (
					"DEBUG=1",
					"$(inherited)",
				);
				GCC_WARN_64_TO_32_BIT_CONVERSION = YES;
				GCC_WARN_ABOUT_RETURN_TYPE = YES_ERROR;
				GCC_WARN_UNDECLARED_SELECTOR = YES;
				GCC_WARN_UNINITIALIZED_AUTOS = YES_AGGRESSIVE;
				GCC_WARN_UNUSED_FUNCTION = YES;
				GCC_WARN_UNUSED_VARIABLE = YES;
				IPHONEOS_DEPLOYMENT_TARGET = 14.4;
				MTL_ENABLE_DEBUG_INFO = INCLUDE_SOURCE;
				MTL_FAST_MATH = YES;
				ONLY_ACTIVE_ARCH = YES;
				SDKROOT = iphoneos;
				SWIFT_ACTIVE_COMPILATION_CONDITIONS = DEBUG;
				SWIFT_OPTIMIZATION_LEVEL = "-Onone";
			};
			name = Debug;
		};
		DF84079F268FA9A100B6F484 /* Release */ = {
			isa = XCBuildConfiguration;
			buildSettings = {
				ALWAYS_SEARCH_USER_PATHS = NO;
				CLANG_ANALYZER_NONNULL = YES;
				CLANG_ANALYZER_NUMBER_OBJECT_CONVERSION = YES_AGGRESSIVE;
				CLANG_CXX_LANGUAGE_STANDARD = "gnu++14";
				CLANG_CXX_LIBRARY = "libc++";
				CLANG_ENABLE_MODULES = YES;
				CLANG_ENABLE_OBJC_ARC = YES;
				CLANG_ENABLE_OBJC_WEAK = YES;
				CLANG_WARN_BLOCK_CAPTURE_AUTORELEASING = YES;
				CLANG_WARN_BOOL_CONVERSION = YES;
				CLANG_WARN_COMMA = YES;
				CLANG_WARN_CONSTANT_CONVERSION = YES;
				CLANG_WARN_DEPRECATED_OBJC_IMPLEMENTATIONS = YES;
				CLANG_WARN_DIRECT_OBJC_ISA_USAGE = YES_ERROR;
				CLANG_WARN_DOCUMENTATION_COMMENTS = YES;
				CLANG_WARN_EMPTY_BODY = YES;
				CLANG_WARN_ENUM_CONVERSION = YES;
				CLANG_WARN_INFINITE_RECURSION = YES;
				CLANG_WARN_INT_CONVERSION = YES;
				CLANG_WARN_NON_LITERAL_NULL_CONVERSION = YES;
				CLANG_WARN_OBJC_IMPLICIT_RETAIN_SELF = YES;
				CLANG_WARN_OBJC_LITERAL_CONVERSION = YES;
				CLANG_WARN_OBJC_ROOT_CLASS = YES_ERROR;
				CLANG_WARN_QUOTED_INCLUDE_IN_FRAMEWORK_HEADER = YES;
				CLANG_WARN_RANGE_LOOP_ANALYSIS = YES;
				CLANG_WARN_STRICT_PROTOTYPES = YES;
				CLANG_WARN_SUSPICIOUS_MOVE = YES;
				CLANG_WARN_UNGUARDED_AVAILABILITY = YES_AGGRESSIVE;
				CLANG_WARN_UNREACHABLE_CODE = YES;
				CLANG_WARN__DUPLICATE_METHOD_MATCH = YES;
				COPY_PHASE_STRIP = NO;
				DEBUG_INFORMATION_FORMAT = "dwarf-with-dsym";
				ENABLE_NS_ASSERTIONS = NO;
				ENABLE_STRICT_OBJC_MSGSEND = YES;
				GCC_C_LANGUAGE_STANDARD = gnu11;
				GCC_NO_COMMON_BLOCKS = YES;
				GCC_WARN_64_TO_32_BIT_CONVERSION = YES;
				GCC_WARN_ABOUT_RETURN_TYPE = YES_ERROR;
				GCC_WARN_UNDECLARED_SELECTOR = YES;
				GCC_WARN_UNINITIALIZED_AUTOS = YES_AGGRESSIVE;
				GCC_WARN_UNUSED_FUNCTION = YES;
				GCC_WARN_UNUSED_VARIABLE = YES;
				IPHONEOS_DEPLOYMENT_TARGET = 14.4;
				MTL_ENABLE_DEBUG_INFO = NO;
				MTL_FAST_MATH = YES;
				SDKROOT = iphoneos;
				SWIFT_COMPILATION_MODE = wholemodule;
				SWIFT_OPTIMIZATION_LEVEL = "-O";
				VALIDATE_PRODUCT = YES;
			};
			name = Release;
		};
		DF8407A1268FA9A100B6F484 /* Debug */ = {
			isa = XCBuildConfiguration;
			buildSettings = {
				ASSETCATALOG_COMPILER_APPICON_NAME = AppIcon;
				ASSETCATALOG_COMPILER_GLOBAL_ACCENT_COLOR_NAME = AccentColor;
				CODE_SIGN_STYLE = Automatic;
				DEVELOPMENT_TEAM = KY6DSHE9HF;
				INFOPLIST_FILE = "ShowCities/Support files/Info.plist";
				LD_RUNPATH_SEARCH_PATHS = (
					"$(inherited)",
					"@executable_path/Frameworks",
				);
				PRODUCT_BUNDLE_IDENTIFIER = com.Byku.ShowCities;
				PRODUCT_NAME = "$(TARGET_NAME)";
				SWIFT_VERSION = 5.0;
				TARGETED_DEVICE_FAMILY = "1,2";
			};
			name = Debug;
		};
		DF8407A2268FA9A100B6F484 /* Release */ = {
			isa = XCBuildConfiguration;
			buildSettings = {
				ASSETCATALOG_COMPILER_APPICON_NAME = AppIcon;
				ASSETCATALOG_COMPILER_GLOBAL_ACCENT_COLOR_NAME = AccentColor;
				CODE_SIGN_STYLE = Automatic;
				DEVELOPMENT_TEAM = KY6DSHE9HF;
				INFOPLIST_FILE = "ShowCities/Support files/Info.plist";
				LD_RUNPATH_SEARCH_PATHS = (
					"$(inherited)",
					"@executable_path/Frameworks",
				);
				PRODUCT_BUNDLE_IDENTIFIER = com.Byku.ShowCities;
				PRODUCT_NAME = "$(TARGET_NAME)";
				SWIFT_VERSION = 5.0;
				TARGETED_DEVICE_FAMILY = "1,2";
			};
			name = Release;
		};
		DF8407A4268FA9A100B6F484 /* Debug */ = {
			isa = XCBuildConfiguration;
			buildSettings = {
				ALWAYS_EMBED_SWIFT_STANDARD_LIBRARIES = YES;
				BUNDLE_LOADER = "$(TEST_HOST)";
				CODE_SIGN_STYLE = Automatic;
				DEVELOPMENT_TEAM = KY6DSHE9HF;
				INFOPLIST_FILE = ShowCitiesTests/Info.plist;
				IPHONEOS_DEPLOYMENT_TARGET = 14.4;
				LD_RUNPATH_SEARCH_PATHS = (
					"$(inherited)",
					"@executable_path/Frameworks",
					"@loader_path/Frameworks",
				);
				PRODUCT_BUNDLE_IDENTIFIER = com.Byku.ShowCitiesTests;
				PRODUCT_NAME = "$(TARGET_NAME)";
				SWIFT_VERSION = 5.0;
				TARGETED_DEVICE_FAMILY = "1,2";
				TEST_HOST = "$(BUILT_PRODUCTS_DIR)/ShowCities.app/ShowCities";
			};
			name = Debug;
		};
		DF8407A5268FA9A100B6F484 /* Release */ = {
			isa = XCBuildConfiguration;
			buildSettings = {
				ALWAYS_EMBED_SWIFT_STANDARD_LIBRARIES = YES;
				BUNDLE_LOADER = "$(TEST_HOST)";
				CODE_SIGN_STYLE = Automatic;
				DEVELOPMENT_TEAM = KY6DSHE9HF;
				INFOPLIST_FILE = ShowCitiesTests/Info.plist;
				IPHONEOS_DEPLOYMENT_TARGET = 14.4;
				LD_RUNPATH_SEARCH_PATHS = (
					"$(inherited)",
					"@executable_path/Frameworks",
					"@loader_path/Frameworks",
				);
				PRODUCT_BUNDLE_IDENTIFIER = com.Byku.ShowCitiesTests;
				PRODUCT_NAME = "$(TARGET_NAME)";
				SWIFT_VERSION = 5.0;
				TARGETED_DEVICE_FAMILY = "1,2";
				TEST_HOST = "$(BUILT_PRODUCTS_DIR)/ShowCities.app/ShowCities";
			};
			name = Release;
		};
		DF8407A7268FA9A100B6F484 /* Debug */ = {
			isa = XCBuildConfiguration;
			buildSettings = {
				ALWAYS_EMBED_SWIFT_STANDARD_LIBRARIES = YES;
				CODE_SIGN_STYLE = Automatic;
				DEVELOPMENT_TEAM = KY6DSHE9HF;
				INFOPLIST_FILE = ShowCitiesUITests/Info.plist;
				LD_RUNPATH_SEARCH_PATHS = (
					"$(inherited)",
					"@executable_path/Frameworks",
					"@loader_path/Frameworks",
				);
				PRODUCT_BUNDLE_IDENTIFIER = com.Byku.ShowCitiesUITests;
				PRODUCT_NAME = "$(TARGET_NAME)";
				SWIFT_VERSION = 5.0;
				TARGETED_DEVICE_FAMILY = "1,2";
				TEST_TARGET_NAME = ShowCities;
			};
			name = Debug;
		};
		DF8407A8268FA9A100B6F484 /* Release */ = {
			isa = XCBuildConfiguration;
			buildSettings = {
				ALWAYS_EMBED_SWIFT_STANDARD_LIBRARIES = YES;
				CODE_SIGN_STYLE = Automatic;
				DEVELOPMENT_TEAM = KY6DSHE9HF;
				INFOPLIST_FILE = ShowCitiesUITests/Info.plist;
				LD_RUNPATH_SEARCH_PATHS = (
					"$(inherited)",
					"@executable_path/Frameworks",
					"@loader_path/Frameworks",
				);
				PRODUCT_BUNDLE_IDENTIFIER = com.Byku.ShowCitiesUITests;
				PRODUCT_NAME = "$(TARGET_NAME)";
				SWIFT_VERSION = 5.0;
				TARGETED_DEVICE_FAMILY = "1,2";
				TEST_TARGET_NAME = ShowCities;
			};
			name = Release;
		};
/* End XCBuildConfiguration section */

/* Begin XCConfigurationList section */
		DF840771268FA99B00B6F484 /* Build configuration list for PBXProject "ShowCities" */ = {
			isa = XCConfigurationList;
			buildConfigurations = (
				DF84079E268FA9A100B6F484 /* Debug */,
				DF84079F268FA9A100B6F484 /* Release */,
			);
			defaultConfigurationIsVisible = 0;
			defaultConfigurationName = Release;
		};
		DF8407A0268FA9A100B6F484 /* Build configuration list for PBXNativeTarget "ShowCities" */ = {
			isa = XCConfigurationList;
			buildConfigurations = (
				DF8407A1268FA9A100B6F484 /* Debug */,
				DF8407A2268FA9A100B6F484 /* Release */,
			);
			defaultConfigurationIsVisible = 0;
			defaultConfigurationName = Release;
		};
		DF8407A3268FA9A100B6F484 /* Build configuration list for PBXNativeTarget "ShowCitiesTests" */ = {
			isa = XCConfigurationList;
			buildConfigurations = (
				DF8407A4268FA9A100B6F484 /* Debug */,
				DF8407A5268FA9A100B6F484 /* Release */,
			);
			defaultConfigurationIsVisible = 0;
			defaultConfigurationName = Release;
		};
		DF8407A6268FA9A100B6F484 /* Build configuration list for PBXNativeTarget "ShowCitiesUITests" */ = {
			isa = XCConfigurationList;
			buildConfigurations = (
				DF8407A7268FA9A100B6F484 /* Debug */,
				DF8407A8268FA9A100B6F484 /* Release */,
			);
			defaultConfigurationIsVisible = 0;
			defaultConfigurationName = Release;
		};
/* End XCConfigurationList section */

/* Begin XCRemoteSwiftPackageReference section */
		DF84082B269333E100B6F484 /* XCRemoteSwiftPackageReference "SnapKit" */ = {
			isa = XCRemoteSwiftPackageReference;
			repositoryURL = "https://github.com/SnapKit/SnapKit.git";
			requirement = {
				kind = upToNextMajorVersion;
				minimumVersion = 5.0.1;
			};
		};
/* End XCRemoteSwiftPackageReference section */

/* Begin XCSwiftPackageProductDependency section */
		DF84082C269333E100B6F484 /* SnapKit */ = {
			isa = XCSwiftPackageProductDependency;
			package = DF84082B269333E100B6F484 /* XCRemoteSwiftPackageReference "SnapKit" */;
			productName = SnapKit;
		};
/* End XCSwiftPackageProductDependency section */
	};
	rootObject = DF84076E268FA99B00B6F484 /* Project object */;
}
